{
  "version": 4,
  "terraform_version": "1.6.5",
  "serial": 11,
  "lineage": "23e600a5-a905-f8c6-7d07-60ffd0902b83",
  "outputs": {
    "app_subnet_id": {
      "value": "/subscriptions/150c7079-aebb-4733-a9c7-5829324154ce/resourceGroups/rg-teentrego-prod/providers/Microsoft.Network/virtualNetworks/vnet-brs-teentrego-prod/subnets/snet-brs-teentrego-app-prod",
      "type": "string"
    },
    "data_subnet_id": {
      "value": "/subscriptions/150c7079-aebb-4733-a9c7-5829324154ce/resourceGroups/rg-teentrego-prod/providers/Microsoft.Network/virtualNetworks/vnet-brs-teentrego-prod/subnets/snet-brs-teentrego-data-prod",
      "type": "string"
    },
    "ml_subnet_id": {
      "value": "/subscriptions/150c7079-aebb-4733-a9c7-5829324154ce/resourceGroups/rg-teentrego-prod/providers/Microsoft.Network/virtualNetworks/vnet-brs-teentrego-prod/subnets/snet-brs-teentrego-ml-prod",
      "type": "string"
    },
    "vnet_id": {
      "value": "/subscriptions/150c7079-aebb-4733-a9c7-5829324154ce/resourceGroups/rg-teentrego-prod/providers/Microsoft.Network/virtualNetworks/vnet-brs-teentrego-prod",
      "type": "string"
    }
  },
  "resources": [
    {
      "mode": "managed",
      "type": "azurerm_firewall_policy",
      "name": "example",
      "provider": "provider[\"registry.terraform.io/hashicorp/azurerm\"]",
      "instances": [
        {
          "schema_version": 0,
          "attributes": {
            "auto_learn_private_ranges_enabled": false,
            "base_policy_id": "",
            "child_policies": [],
            "dns": [],
            "explicit_proxy": [],
            "firewalls": [],
            "id": "/subscriptions/150c7079-aebb-4733-a9c7-5829324154ce/resourceGroups/rg-teentrego-prod/providers/Microsoft.Network/firewallPolicies/example-firewall-policy",
            "identity": [],
            "insights": [],
            "intrusion_detection": [],
            "location": "brazilsouth",
            "name": "example-firewall-policy",
            "private_ip_ranges": [],
            "resource_group_name": "rg-teentrego-prod",
            "rule_collection_groups": [],
            "sku": "Standard",
            "sql_redirect_allowed": null,
            "tags": {},
            "threat_intelligence_allowlist": [],
            "threat_intelligence_mode": "Alert",
            "timeouts": null,
            "tls_certificate": []
          },
          "sensitive_attributes": [],
          "private": "eyJlMmJmYjczMC1lY2FhLTExZTYtOGY4OC0zNDM2M2JjN2M0YzAiOnsiY3JlYXRlIjoxODAwMDAwMDAwMDAwLCJkZWxldGUiOjE4MDAwMDAwMDAwMDAsInJlYWQiOjMwMDAwMDAwMDAwMCwidXBkYXRlIjoxODAwMDAwMDAwMDAwfX0=",
          "dependencies": [
            "azurerm_resource_group.rg"
          ]
        }
      ]
    },
    {
      "mode": "managed",
      "type": "azurerm_public_ip",
      "name": "public_ip",
      "provider": "provider[\"registry.terraform.io/hashicorp/azurerm\"]",
      "instances": [
        {
          "schema_version": 0,
          "attributes": {
            "allocation_method": "Static",
            "ddos_protection_mode": "VirtualNetworkInherited",
            "ddos_protection_plan_id": null,
            "domain_name_label": null,
            "edge_zone": "",
            "fqdn": null,
            "id": "/subscriptions/150c7079-aebb-4733-a9c7-5829324154ce/resourceGroups/rg-teentrego-prod/providers/Microsoft.Network/publicIPAddresses/pip-brs-teentrego-fw-prod",
            "idle_timeout_in_minutes": 4,
            "ip_address": "191.232.180.136",
            "ip_tags": {},
            "ip_version": "IPv4",
            "location": "brazilsouth",
            "name": "pip-brs-teentrego-fw-prod",
            "public_ip_prefix_id": null,
            "resource_group_name": "rg-teentrego-prod",
            "reverse_fqdn": null,
            "sku": "Standard",
            "sku_tier": "Regional",
            "tags": {},
            "timeouts": null,
            "zones": []
          },
          "sensitive_attributes": [],
          "private": "eyJlMmJmYjczMC1lY2FhLTExZTYtOGY4OC0zNDM2M2JjN2M0YzAiOnsiY3JlYXRlIjoxODAwMDAwMDAwMDAwLCJkZWxldGUiOjE4MDAwMDAwMDAwMDAsInJlYWQiOjMwMDAwMDAwMDAwMCwidXBkYXRlIjoxODAwMDAwMDAwMDAwfX0=",
          "dependencies": [
            "azurerm_resource_group.rg"
          ]
        }
      ]
    },
    {
      "mode": "managed",
      "type": "azurerm_resource_group",
      "name": "rg",
      "provider": "provider[\"registry.terraform.io/hashicorp/azurerm\"]",
      "instances": [
        {
          "schema_version": 0,
          "attributes": {
            "id": "/subscriptions/150c7079-aebb-4733-a9c7-5829324154ce/resourceGroups/rg-teentrego-prod",
            "location": "brazilsouth",
            "managed_by": "",
            "name": "rg-teentrego-prod",
            "tags": {},
            "timeouts": null
          },
          "sensitive_attributes": [],
          "private": "eyJlMmJmYjczMC1lY2FhLTExZTYtOGY4OC0zNDM2M2JjN2M0YzAiOnsiY3JlYXRlIjo1NDAwMDAwMDAwMDAwLCJkZWxldGUiOjU0MDAwMDAwMDAwMDAsInJlYWQiOjMwMDAwMDAwMDAwMCwidXBkYXRlIjo1NDAwMDAwMDAwMDAwfX0="
        }
      ]
    },
    {
      "module": "module.app_subnet",
      "mode": "managed",
      "type": "azurerm_subnet",
      "name": "subnet",
      "provider": "provider[\"registry.terraform.io/hashicorp/azurerm\"]",
      "instances": [
        {
          "schema_version": 0,
          "attributes": {
            "address_prefixes": [
              "10.0.1.0/24"
            ],
            "default_outbound_access_enabled": true,
            "delegation": [],
            "id": "/subscriptions/150c7079-aebb-4733-a9c7-5829324154ce/resourceGroups/rg-teentrego-prod/providers/Microsoft.Network/virtualNetworks/vnet-brs-teentrego-prod/subnets/snet-brs-teentrego-app-prod",
            "name": "snet-brs-teentrego-app-prod",
            "private_endpoint_network_policies": "Disabled",
            "private_link_service_network_policies_enabled": true,
            "resource_group_name": "rg-teentrego-prod",
            "service_endpoint_policy_ids": [],
            "service_endpoints": [],
            "timeouts": null,
            "virtual_network_name": "vnet-brs-teentrego-prod"
          },
          "sensitive_attributes": [],
          "private": "eyJlMmJmYjczMC1lY2FhLTExZTYtOGY4OC0zNDM2M2JjN2M0YzAiOnsiY3JlYXRlIjoxODAwMDAwMDAwMDAwLCJkZWxldGUiOjE4MDAwMDAwMDAwMDAsInJlYWQiOjMwMDAwMDAwMDAwMCwidXBkYXRlIjoxODAwMDAwMDAwMDAwfX0=",
          "dependencies": [
            "azurerm_resource_group.rg",
            "module.vnet.azurerm_virtual_network.vnet"
          ]
        }
      ]
    },
    {
      "module": "module.data_subnet",
      "mode": "managed",
      "type": "azurerm_subnet",
      "name": "subnet",
      "provider": "provider[\"registry.terraform.io/hashicorp/azurerm\"]",
      "instances": [
        {
          "schema_version": 0,
          "attributes": {
            "address_prefixes": [
              "10.0.2.0/24"
            ],
            "default_outbound_access_enabled": true,
            "delegation": [],
            "id": "/subscriptions/150c7079-aebb-4733-a9c7-5829324154ce/resourceGroups/rg-teentrego-prod/providers/Microsoft.Network/virtualNetworks/vnet-brs-teentrego-prod/subnets/snet-brs-teentrego-data-prod",
            "name": "snet-brs-teentrego-data-prod",
            "private_endpoint_network_policies": "Disabled",
            "private_link_service_network_policies_enabled": true,
            "resource_group_name": "rg-teentrego-prod",
            "service_endpoint_policy_ids": [],
            "service_endpoints": [],
            "timeouts": null,
            "virtual_network_name": "vnet-brs-teentrego-prod"
          },
          "sensitive_attributes": [],
          "private": "eyJlMmJmYjczMC1lY2FhLTExZTYtOGY4OC0zNDM2M2JjN2M0YzAiOnsiY3JlYXRlIjoxODAwMDAwMDAwMDAwLCJkZWxldGUiOjE4MDAwMDAwMDAwMDAsInJlYWQiOjMwMDAwMDAwMDAwMCwidXBkYXRlIjoxODAwMDAwMDAwMDAwfX0=",
          "dependencies": [
            "azurerm_resource_group.rg",
            "module.vnet.azurerm_virtual_network.vnet"
          ]
        }
      ]
    },
    {
      "module": "module.firewall",
      "mode": "managed",
      "type": "azurerm_firewall",
      "name": "firewall",
      "provider": "provider[\"registry.terraform.io/hashicorp/azurerm\"]",
      "instances": [
        {
          "schema_version": 0,
          "attributes": {
            "dns_proxy_enabled": false,
            "dns_servers": null,
            "firewall_policy_id": "/subscriptions/150c7079-aebb-4733-a9c7-5829324154ce/resourceGroups/rg-teentrego-prod/providers/Microsoft.Network/firewallPolicies/example-firewall-policy",
            "id": "/subscriptions/150c7079-aebb-4733-a9c7-5829324154ce/resourceGroups/rg-teentrego-prod/providers/Microsoft.Network/azureFirewalls/fw-brs-teentrego-prod",
            "ip_configuration": [
              {
                "name": "configuration",
                "private_ip_address": "10.0.4.4",
                "public_ip_address_id": "/subscriptions/150c7079-aebb-4733-a9c7-5829324154ce/resourceGroups/rg-teentrego-prod/providers/Microsoft.Network/publicIPAddresses/pip-brs-teentrego-fw-prod",
                "subnet_id": "/subscriptions/150c7079-aebb-4733-a9c7-5829324154ce/resourceGroups/rg-teentrego-prod/providers/Microsoft.Network/virtualNetworks/vnet-brs-teentrego-prod/subnets/AzureFirewallSubnet"
              }
            ],
            "location": "brazilsouth",
            "management_ip_configuration": [],
            "name": "fw-brs-teentrego-prod",
            "private_ip_ranges": null,
            "resource_group_name": "rg-teentrego-prod",
            "sku_name": "AZFW_VNet",
            "sku_tier": "Standard",
            "tags": null,
            "threat_intel_mode": "Alert",
            "timeouts": null,
            "virtual_hub": [],
            "zones": null
          },
          "sensitive_attributes": [],
          "private": "eyJlMmJmYjczMC1lY2FhLTExZTYtOGY4OC0zNDM2M2JjN2M0YzAiOnsiY3JlYXRlIjo1NDAwMDAwMDAwMDAwLCJkZWxldGUiOjU0MDAwMDAwMDAwMDAsInJlYWQiOjMwMDAwMDAwMDAwMCwidXBkYXRlIjo1NDAwMDAwMDAwMDAwfX0=",
          "dependencies": [
            "azurerm_firewall_policy.example",
            "azurerm_public_ip.public_ip",
            "azurerm_resource_group.rg",
            "module.firewall_subnet.azurerm_subnet.subnet",
            "module.vnet.azurerm_virtual_network.vnet"
          ]
        }
      ]
    },
    {
      "module": "module.firewall_subnet",
      "mode": "managed",
      "type": "azurerm_subnet",
      "name": "subnet",
      "provider": "provider[\"registry.terraform.io/hashicorp/azurerm\"]",
      "instances": [
        {
          "schema_version": 0,
          "attributes": {
            "address_prefixes": [
              "10.0.4.0/24"
            ],
            "default_outbound_access_enabled": true,
            "delegation": [],
            "id": "/subscriptions/150c7079-aebb-4733-a9c7-5829324154ce/resourceGroups/rg-teentrego-prod/providers/Microsoft.Network/virtualNetworks/vnet-brs-teentrego-prod/subnets/AzureFirewallSubnet",
            "name": "AzureFirewallSubnet",
            "private_endpoint_network_policies": "Disabled",
            "private_link_service_network_policies_enabled": true,
            "resource_group_name": "rg-teentrego-prod",
            "service_endpoint_policy_ids": null,
            "service_endpoints": null,
            "timeouts": null,
            "virtual_network_name": "vnet-brs-teentrego-prod"
          },
          "sensitive_attributes": [],
          "private": "eyJlMmJmYjczMC1lY2FhLTExZTYtOGY4OC0zNDM2M2JjN2M0YzAiOnsiY3JlYXRlIjoxODAwMDAwMDAwMDAwLCJkZWxldGUiOjE4MDAwMDAwMDAwMDAsInJlYWQiOjMwMDAwMDAwMDAwMCwidXBkYXRlIjoxODAwMDAwMDAwMDAwfX0=",
          "dependencies": [
            "azurerm_resource_group.rg",
            "module.vnet.azurerm_virtual_network.vnet"
          ]
        }
      ]
    },
    {
      "module": "module.gateway_subnet",
      "mode": "managed",
      "type": "azurerm_subnet",
      "name": "subnet",
      "provider": "provider[\"registry.terraform.io/hashicorp/azurerm\"]",
      "instances": [
        {
          "schema_version": 0,
          "attributes": {
            "address_prefixes": [
              "10.0.5.0/24"
            ],
            "default_outbound_access_enabled": true,
            "delegation": [],
            "id": "/subscriptions/150c7079-aebb-4733-a9c7-5829324154ce/resourceGroups/rg-teentrego-prod/providers/Microsoft.Network/virtualNetworks/vnet-brs-teentrego-prod/subnets/GatewaySubnet",
            "name": "GatewaySubnet",
            "private_endpoint_network_policies": "Disabled",
            "private_link_service_network_policies_enabled": true,
            "resource_group_name": "rg-teentrego-prod",
            "service_endpoint_policy_ids": null,
            "service_endpoints": null,
            "timeouts": null,
            "virtual_network_name": "vnet-brs-teentrego-prod"
          },
          "sensitive_attributes": [],
          "private": "eyJlMmJmYjczMC1lY2FhLTExZTYtOGY4OC0zNDM2M2JjN2M0YzAiOnsiY3JlYXRlIjoxODAwMDAwMDAwMDAwLCJkZWxldGUiOjE4MDAwMDAwMDAwMDAsInJlYWQiOjMwMDAwMDAwMDAwMCwidXBkYXRlIjoxODAwMDAwMDAwMDAwfX0=",
          "dependencies": [
            "azurerm_resource_group.rg",
            "module.vnet.azurerm_virtual_network.vnet"
          ]
        }
      ]
    },
    {
      "module": "module.ml_subnet",
      "mode": "managed",
      "type": "azurerm_subnet",
      "name": "subnet",
      "provider": "provider[\"registry.terraform.io/hashicorp/azurerm\"]",
      "instances": [
        {
          "schema_version": 0,
          "attributes": {
            "address_prefixes": [
              "10.0.3.0/24"
            ],
            "default_outbound_access_enabled": true,
            "delegation": [],
            "id": "/subscriptions/150c7079-aebb-4733-a9c7-5829324154ce/resourceGroups/rg-teentrego-prod/providers/Microsoft.Network/virtualNetworks/vnet-brs-teentrego-prod/subnets/snet-brs-teentrego-ml-prod",
            "name": "snet-brs-teentrego-ml-prod",
            "private_endpoint_network_policies": "Disabled",
            "private_link_service_network_policies_enabled": true,
            "resource_group_name": "rg-teentrego-prod",
            "service_endpoint_policy_ids": [],
            "service_endpoints": [],
            "timeouts": null,
            "virtual_network_name": "vnet-brs-teentrego-prod"
          },
          "sensitive_attributes": [],
          "private": "eyJlMmJmYjczMC1lY2FhLTExZTYtOGY4OC0zNDM2M2JjN2M0YzAiOnsiY3JlYXRlIjoxODAwMDAwMDAwMDAwLCJkZWxldGUiOjE4MDAwMDAwMDAwMDAsInJlYWQiOjMwMDAwMDAwMDAwMCwidXBkYXRlIjoxODAwMDAwMDAwMDAwfX0=",
          "dependencies": [
            "azurerm_resource_group.rg",
            "module.vnet.azurerm_virtual_network.vnet"
          ]
        }
      ]
    },
    {
      "module": "module.vnet",
      "mode": "managed",
      "type": "azurerm_virtual_network",
      "name": "vnet",
      "provider": "provider[\"registry.terraform.io/hashicorp/azurerm\"]",
      "instances": [
        {
          "schema_version": 0,
          "attributes": {
            "address_space": [
              "10.0.0.0/16"
            ],
            "bgp_community": "",
            "ddos_protection_plan": [],
            "dns_servers": [],
            "edge_zone": "",
            "encryption": [],
            "flow_timeout_in_minutes": 0,
            "guid": "bd57d9b7-8b25-409a-93c0-34224dbff446",
            "id": "/subscriptions/150c7079-aebb-4733-a9c7-5829324154ce/resourceGroups/rg-teentrego-prod/providers/Microsoft.Network/virtualNetworks/vnet-brs-teentrego-prod",
            "location": "brazilsouth",
            "name": "vnet-brs-teentrego-prod",
            "resource_group_name": "rg-teentrego-prod",
            "subnet": [
              {
                "address_prefixes": [
                  "10.0.1.0/24"
                ],
                "default_outbound_access_enabled": true,
                "delegation": [],
                "id": "/subscriptions/150c7079-aebb-4733-a9c7-5829324154ce/resourceGroups/rg-teentrego-prod/providers/Microsoft.Network/virtualNetworks/vnet-brs-teentrego-prod/subnets/snet-brs-teentrego-app-prod",
                "name": "snet-brs-teentrego-app-prod",
                "private_endpoint_network_policies": "Disabled",
                "private_link_service_network_policies_enabled": true,
                "route_table_id": "",
                "security_group": "",
                "service_endpoint_policy_ids": [],
                "service_endpoints": []
              },
              {
                "address_prefixes": [
                  "10.0.2.0/24"
                ],
                "default_outbound_access_enabled": true,
                "delegation": [],
                "id": "/subscriptions/150c7079-aebb-4733-a9c7-5829324154ce/resourceGroups/rg-teentrego-prod/providers/Microsoft.Network/virtualNetworks/vnet-brs-teentrego-prod/subnets/snet-brs-teentrego-data-prod",
                "name": "snet-brs-teentrego-data-prod",
                "private_endpoint_network_policies": "Disabled",
                "private_link_service_network_policies_enabled": true,
                "route_table_id": "",
                "security_group": "",
                "service_endpoint_policy_ids": [],
                "service_endpoints": []
              },
              {
                "address_prefixes": [
                  "10.0.3.0/24"
                ],
                "default_outbound_access_enabled": true,
                "delegation": [],
                "id": "/subscriptions/150c7079-aebb-4733-a9c7-5829324154ce/resourceGroups/rg-teentrego-prod/providers/Microsoft.Network/virtualNetworks/vnet-brs-teentrego-prod/subnets/snet-brs-teentrego-ml-prod",
                "name": "snet-brs-teentrego-ml-prod",
                "private_endpoint_network_policies": "Disabled",
                "private_link_service_network_policies_enabled": true,
                "route_table_id": "",
                "security_group": "",
                "service_endpoint_policy_ids": [],
                "service_endpoints": []
              }
            ],
            "tags": {},
            "timeouts": null
          },
          "sensitive_attributes": [],
          "private": "eyJlMmJmYjczMC1lY2FhLTExZTYtOGY4OC0zNDM2M2JjN2M0YzAiOnsiY3JlYXRlIjoxODAwMDAwMDAwMDAwLCJkZWxldGUiOjE4MDAwMDAwMDAwMDAsInJlYWQiOjMwMDAwMDAwMDAwMCwidXBkYXRlIjoxODAwMDAwMDAwMDAwfX0=",
          "dependencies": [
            "azurerm_resource_group.rg"
          ]
        }
      ]
    },
    {
      "module": "module.vpn_gateway",
      "mode": "managed",
      "type": "azurerm_public_ip",
      "name": "vpn_public_ip",
      "provider": "provider[\"registry.terraform.io/hashicorp/azurerm\"]",
      "instances": [
        {
          "schema_version": 0,
          "attributes": {
            "allocation_method": "Static",
            "ddos_protection_mode": "VirtualNetworkInherited",
            "ddos_protection_plan_id": null,
            "domain_name_label": null,
            "edge_zone": "",
            "fqdn": null,
            "id": "/subscriptions/150c7079-aebb-4733-a9c7-5829324154ce/resourceGroups/rg-teentrego-prod/providers/Microsoft.Network/publicIPAddresses/pip-vpngw-brs-teentrego-prod",
            "idle_timeout_in_minutes": 4,
            "ip_address": "191.239.121.81",
            "ip_tags": {},
            "ip_version": "IPv4",
            "location": "brazilsouth",
            "name": "pip-vpngw-brs-teentrego-prod",
            "public_ip_prefix_id": null,
            "resource_group_name": "rg-teentrego-prod",
            "reverse_fqdn": null,
            "sku": "Standard",
            "sku_tier": "Regional",
            "tags": {},
            "timeouts": null,
            "zones": []
          },
          "sensitive_attributes": [],
          "private": "eyJlMmJmYjczMC1lY2FhLTExZTYtOGY4OC0zNDM2M2JjN2M0YzAiOnsiY3JlYXRlIjoxODAwMDAwMDAwMDAwLCJkZWxldGUiOjE4MDAwMDAwMDAwMDAsInJlYWQiOjMwMDAwMDAwMDAwMCwidXBkYXRlIjoxODAwMDAwMDAwMDAwfX0=",
          "dependencies": [
            "azurerm_resource_group.rg",
            "module.gateway_subnet.azurerm_subnet.subnet",
            "module.vnet.azurerm_virtual_network.vnet"
          ]
        }
      ]
    },
    {
      "module": "module.vpn_gateway",
      "mode": "managed",
      "type": "azurerm_virtual_network_gateway",
      "name": "vpn_gateway",
      "provider": "provider[\"registry.terraform.io/hashicorp/azurerm\"]",
      "instances": [
        {
          "schema_version": 0,
          "attributes": {
            "active_active": false,
            "bgp_route_translation_for_nat_enabled": false,
            "bgp_settings": [
              {
                "asn": 65515,
                "peer_weight": 0,
                "peering_addresses": [
                  {
                    "apipa_addresses": [],
                    "default_addresses": [
                      "10.0.5.254"
                    ],
                    "ip_configuration_name": "vpnconfig",
                    "tunnel_ip_addresses": [
                      "191.239.121.81"
                    ]
                  }
                ]
              }
            ],
            "custom_route": [],
            "default_local_network_gateway_id": null,
            "dns_forwarding_enabled": false,
            "edge_zone": "",
            "enable_bgp": false,
            "generation": "Generation1",
            "id": "/subscriptions/150c7079-aebb-4733-a9c7-5829324154ce/resourceGroups/rg-teentrego-prod/providers/Microsoft.Network/virtualNetworkGateways/vpngw-brs-teentrego-prod",
            "ip_configuration": [
              {
                "name": "vpnconfig",
                "private_ip_address_allocation": "Dynamic",
                "public_ip_address_id": "/subscriptions/150c7079-aebb-4733-a9c7-5829324154ce/resourceGroups/rg-teentrego-prod/providers/Microsoft.Network/publicIPAddresses/pip-vpngw-brs-teentrego-prod",
                "subnet_id": "/subscriptions/150c7079-aebb-4733-a9c7-5829324154ce/resourceGroups/rg-teentrego-prod/providers/Microsoft.Network/virtualNetworks/vnet-brs-teentrego-prod/subnets/GatewaySubnet"
              }
            ],
            "ip_sec_replay_protection_enabled": true,
            "location": "brazilsouth",
            "name": "vpngw-brs-teentrego-prod",
            "policy_group": [],
            "private_ip_address_enabled": false,
            "remote_vnet_traffic_enabled": false,
            "resource_group_name": "rg-teentrego-prod",
            "sku": "VpnGw2",
            "tags": null,
            "timeouts": null,
            "type": "Vpn",
            "virtual_wan_traffic_enabled": false,
            "vpn_client_configuration": [],
            "vpn_type": "RouteBased"
          },
          "sensitive_attributes": [],
          "private": "eyJlMmJmYjczMC1lY2FhLTExZTYtOGY4OC0zNDM2M2JjN2M0YzAiOnsiY3JlYXRlIjo1NDAwMDAwMDAwMDAwLCJkZWxldGUiOjM2MDAwMDAwMDAwMDAsInJlYWQiOjMwMDAwMDAwMDAwMCwidXBkYXRlIjozNjAwMDAwMDAwMDAwfX0=",
          "dependencies": [
            "azurerm_resource_group.rg",
            "module.gateway_subnet.azurerm_subnet.subnet",
            "module.vnet.azurerm_virtual_network.vnet",
            "module.vpn_gateway.azurerm_public_ip.vpn_public_ip"
          ]
        }
      ]
    }
  ],
  "check_results": null
}
